
Microsoft Visual Studio Solution File, Format Version 12.00
# Visual Studio 14
VisualStudioVersion = 14.0.25420.1
MinimumVisualStudioVersion = 10.0.40219.1
Project("{FAE04EC0-301F-11D3-BF4B-00C04F79EFBC}") = "IE", "IE\IE.csproj", "{28D1514B-1F1E-4A6B-84EC-A29C2F3D9AD0}"
EndProject
Project("{FAE04EC0-301F-11D3-BF4B-00C04F79EFBC}") = "IE.Entities", "IE.Entities\IE.Entities.csproj", "{DE4337D5-4F69-4D00-BE00-3D990FD99228}"
EndProject
Project("{FAE04EC0-301F-11D3-BF4B-00C04F79EFBC}") = "FrameWork", "FrameWork\FrameWork.csproj", "{B55278D6-ECA3-42C9-B0A3-DCBD8BC31E61}"
EndProject
Project("{FAE04EC0-301F-11D3-BF4B-00C04F79EFBC}") = "DelphiEntities", "DelphiEntities\DelphiEntities.csproj", "{0D9E179B-C2B7-4914-9B15-A87DF5FC51C5}"
EndProject
Project("{FAE04EC0-301F-11D3-BF4B-00C04F79EFBC}") = "RahkaranEntities", "RahkaranEntities\RahkaranEntities.csproj", "{D0DA299E-73FF-48DA-AD65-526DF3E170E3}"
EndProject
Project("{FAE04EC0-301F-11D3-BF4B-00C04F79EFBC}") = "VoucherWebService", "VoucherWebService\VoucherWebService.csproj", "{896635B5-424F-4963-9F23-8B319921A52C}"
EndProject
Global
	GlobalSection(SolutionConfigurationPlatforms) = preSolution
		Debug|Any CPU = Debug|Any CPU
		Release|Any CPU = Release|Any CPU
	EndGlobalSection
	GlobalSection(ProjectConfigurationPlatforms) = postSolution
		{28D1514B-1F1E-4A6B-84EC-A29C2F3D9AD0}.Debug|Any CPU.ActiveCfg = Debug|Any CPU
		{28D1514B-1F1E-4A6B-84EC-A29C2F3D9AD0}.Debug|Any CPU.Build.0 = Debug|Any CPU
		{28D1514B-1F1E-4A6B-84EC-A29C2F3D9AD0}.Release|Any CPU.ActiveCfg = Release|Any CPU
		{28D1514B-1F1E-4A6B-84EC-A29C2F3D9AD0}.Release|Any CPU.Build.0 = Release|Any CPU
		{DE4337D5-4F69-4D00-BE00-3D990FD99228}.Debug|Any CPU.ActiveCfg = Debug|Any CPU
		{DE4337D5-4F69-4D00-BE00-3D990FD99228}.Debug|Any CPU.Build.0 = Debug|Any CPU
		{DE4337D5-4F69-4D00-BE00-3D990FD99228}.Release|Any CPU.ActiveCfg = Release|Any CPU
		{DE4337D5-4F69-4D00-BE00-3D990FD99228}.Release|Any CPU.Build.0 = Release|Any CPU
		{B55278D6-ECA3-42C9-B0A3-DCBD8BC31E61}.Debug|Any CPU.ActiveCfg = Debug|Any CPU
		{B55278D6-ECA3-42C9-B0A3-DCBD8BC31E61}.Debug|Any CPU.Build.0 = Debug|Any CPU
		{B55278D6-ECA3-42C9-B0A3-DCBD8BC31E61}.Release|Any CPU.ActiveCfg = Release|Any CPU
		{B55278D6-ECA3-42C9-B0A3-DCBD8BC31E61}.Release|Any CPU.Build.0 = Release|Any CPU
		{0D9E179B-C2B7-4914-9B15-A87DF5FC51C5}.Debug|Any CPU.ActiveCfg = Debug|Any CPU
		{0D9E179B-C2B7-4914-9B15-A87DF5FC51C5}.Debug|Any CPU.Build.0 = Debug|Any CPU
		{0D9E179B-C2B7-4914-9B15-A87DF5FC51C5}.Release|Any CPU.ActiveCfg = Release|Any CPU
		{0D9E179B-C2B7-4914-9B15-A87DF5FC51C5}.Release|Any CPU.Build.0 = Release|Any CPU
		{D0DA299E-73FF-48DA-AD65-526DF3E170E3}.Debug|Any CPU.ActiveCfg = Debug|Any CPU
		{D0DA299E-73FF-48DA-AD65-526DF3E170E3}.Debug|Any CPU.Build.0 = Debug|Any CPU
		{D0DA299E-73FF-48DA-AD65-526DF3E170E3}.Release|Any CPU.ActiveCfg = Release|Any CPU
		{D0DA299E-73FF-48DA-AD65-526DF3E170E3}.Release|Any CPU.Build.0 = Release|Any CPU
		{896635B5-424F-4963-9F23-8B319921A52C}.Debug|Any CPU.ActiveCfg = Debug|Any CPU
		{896635B5-424F-4963-9F23-8B319921A52C}.Debug|Any CPU.Build.0 = Debug|Any CPU
		{896635B5-424F-4963-9F23-8B319921A52C}.Release|Any CPU.ActiveCfg = Release|Any CPU
		{896635B5-424F-4963-9F23-8B319921A52C}.Release|Any CPU.Build.0 = Release|Any CPU
	EndGlobalSection
	GlobalSection(SolutionProperties) = preSolution
		HideSolutionNode = FALSE
	EndGlobalSection
EndGlobal
